
Microsoft Visual Studio Solution File, Format Version 12.00
# Visual Studio 15
VisualStudioVersion = 15.0.28307.271
MinimumVisualStudioVersion = 10.0.40219.1
Project("{FAE04EC0-301F-11D3-BF4B-00C04F79EFBC}") = "TwilioVoiceAPI", "TwilioVoiceAPI\TwilioVoiceAPI.csproj", "{1BDE53F9-2625-4F8A-B99D-6E8506919ACB}"
EndProject
Global
	GlobalSection(SolutionConfigurationPlatforms) = preSolution
		Debug|Any CPU = Debug|Any CPU
		Release|Any CPU = Release|Any CPU
	EndGlobalSection
	GlobalSection(ProjectConfigurationPlatforms) = postSolution
		{1BDE53F9-2625-4F8A-B99D-6E8506919ACB}.Debug|Any CPU.ActiveCfg = Debug|Any CPU
		{1BDE53F9-2625-4F8A-B99D-6E8506919ACB}.Debug|Any CPU.Build.0 = Debug|Any CPU
		{1BDE53F9-2625-4F8A-B99D-6E8506919ACB}.Release|Any CPU.ActiveCfg = Release|Any CPU
		{1BDE53F9-2625-4F8A-B99D-6E8506919ACB}.Release|Any CPU.Build.0 = Release|Any CPU
	EndGlobalSection
	GlobalSection(SolutionProperties) = preSolution
		HideSolutionNode = FALSE
	EndGlobalSection
	GlobalSection(ExtensibilityGlobals) = postSolution
		SolutionGuid = {0787D7A7-94EB-4BE4-A57A-A15F257EB570}
	EndGlobalSection
EndGlobal
