
Microsoft Visual Studio Solution File, Format Version 12.00
# Visual Studio 15
VisualStudioVersion = 15.0.28307.271
MinimumVisualStudioVersion = 10.0.40219.1
Project("{FAE04EC0-301F-11D3-BF4B-00C04F79EFBC}") = "TwilioApp", "TwilioApp\TwilioApp.csproj", "{05154579-0B97-4E58-8C6B-F6FAF6510C9A}"
EndProject
Project("{9A19103F-16F7-4668-BE54-9A1E7A4F7556}") = "OrderPoolManager", "OrderPoolManager\OrderPoolManager.csproj", "{C648C2D6-7F5D-45A2-977A-1918953293C4}"
EndProject
Project("{FAE04EC0-301F-11D3-BF4B-00C04F79EFBC}") = "OrderApp", "OrderApp\OrderApp.csproj", "{5E71C424-DCEA-4915-9F20-247779D8E93D}"
EndProject
Global
	GlobalSection(SolutionConfigurationPlatforms) = preSolution
		Debug|Any CPU = Debug|Any CPU
		Release|Any CPU = Release|Any CPU
	EndGlobalSection
	GlobalSection(ProjectConfigurationPlatforms) = postSolution
		{05154579-0B97-4E58-8C6B-F6FAF6510C9A}.Debug|Any CPU.ActiveCfg = Debug|Any CPU
		{05154579-0B97-4E58-8C6B-F6FAF6510C9A}.Debug|Any CPU.Build.0 = Debug|Any CPU
		{05154579-0B97-4E58-8C6B-F6FAF6510C9A}.Release|Any CPU.ActiveCfg = Release|Any CPU
		{05154579-0B97-4E58-8C6B-F6FAF6510C9A}.Release|Any CPU.Build.0 = Release|Any CPU
		{C648C2D6-7F5D-45A2-977A-1918953293C4}.Debug|Any CPU.ActiveCfg = Debug|Any CPU
		{C648C2D6-7F5D-45A2-977A-1918953293C4}.Debug|Any CPU.Build.0 = Debug|Any CPU
		{C648C2D6-7F5D-45A2-977A-1918953293C4}.Release|Any CPU.ActiveCfg = Release|Any CPU
		{C648C2D6-7F5D-45A2-977A-1918953293C4}.Release|Any CPU.Build.0 = Release|Any CPU
		{5E71C424-DCEA-4915-9F20-247779D8E93D}.Debug|Any CPU.ActiveCfg = Debug|Any CPU
		{5E71C424-DCEA-4915-9F20-247779D8E93D}.Debug|Any CPU.Build.0 = Debug|Any CPU
		{5E71C424-DCEA-4915-9F20-247779D8E93D}.Release|Any CPU.ActiveCfg = Release|Any CPU
		{5E71C424-DCEA-4915-9F20-247779D8E93D}.Release|Any CPU.Build.0 = Release|Any CPU
	EndGlobalSection
	GlobalSection(SolutionProperties) = preSolution
		HideSolutionNode = FALSE
	EndGlobalSection
	GlobalSection(ExtensibilityGlobals) = postSolution
		SolutionGuid = {5593B3D3-1E25-48E8-BCE2-CB9D98C603AF}
	EndGlobalSection
EndGlobal
